<?xml version="1.0" encoding="utf-8"?>
<Project ToolsVersion="4.0" xmlns="http://schemas.microsoft.com/developer/msbuild/2003">
  <ItemGroup>
    <Filter Include="Source Files">
      <UniqueIdentifier>{4FC737F1-C7A5-4376-A066-2A32D752A2FF}</UniqueIdentifier>
      <Extensions>cpp;c;cc;cxx;c++;cppm;ixx;def;odl;idl;hpj;bat;asm;asmx</Extensions>
    </Filter>
    <Filter Include="Source Files\Graphics">
      <UniqueIdentifier>{cc3f311a-93bc-46c5-b1f7-c03c04b48d47}</UniqueIdentifier>
    </Filter>
    <Filter Include="Source Files\Scene">
      <UniqueIdentifier>{2cf8f1f7-253f-4bcb-aa33-1a40e96742d1}</UniqueIdentifier>
    </Filter>
    <Filter Include="Source Files\Graphics\Shaders">
      <UniqueIdentifier>{f334268f-a25c-494f-907e-602b3d871db1}</UniqueIdentifier>
    </Filter>
    <Filter Include="Source Files\Input">
      <UniqueIdentifier>{b1319fb3-77ec-4c4a-b723-2c9ddee3efd2}</UniqueIdentifier>
    </Filter>
    <Filter Include="Source Files\Input\Keybinds">
      <UniqueIdentifier>{fb4421dc-6bbb-4963-9c0e-4487f598c290}</UniqueIdentifier>
    </Filter>
    <Filter Include="Source Files\Graphics\GUI">
      <UniqueIdentifier>{7abe7e9d-5039-4f43-8c8e-71182ab1b6e4}</UniqueIdentifier>
    </Filter>
  </ItemGroup>
  <ItemGroup>
    <ClCompile Include="..\src\Peio\Voxel Editor\main.cpp">
      <Filter>Source Files</Filter>
    </ClCompile>
    <ClCompile Include="..\src\Peio\Voxel Editor\App.cpp">
      <Filter>Source Files</Filter>
    </ClCompile>
    <ClCompile Include="..\src\Peio\Voxel Editor\Graphics\Graphics.cpp">
      <Filter>Source Files\Graphics</Filter>
    </ClCompile>
    <ClCompile Include="..\src\Peio\Voxel Editor\Graphics\Window.cpp">
      <Filter>Source Files\Graphics</Filter>
    </ClCompile>
    <ClCompile Include="..\src\Peio\Voxel Editor\Graphics\RayTracer.cpp">
      <Filter>Source Files\Graphics</Filter>
    </ClCompile>
    <ClCompile Include="..\src\Peio\Voxel Editor\Graphics\Denoiser.cpp">
      <Filter>Source Files\Graphics</Filter>
    </ClCompile>
    <ClCompile Include="..\src\Peio\Voxel Editor\Scene\Scene.cpp">
      <Filter>Source Files\Scene</Filter>
    </ClCompile>
    <ClCompile Include="..\src\Peio\Voxel Editor\Scene\Info.cpp">
      <Filter>Source Files\Scene</Filter>
    </ClCompile>
    <ClCompile Include="..\src\Peio\Voxel Editor\Scene\World.cpp">
      <Filter>Source Files\Scene</Filter>
    </ClCompile>
    <ClCompile Include="..\src\Peio\Voxel Editor\Scene\Camera.cpp">
      <Filter>Source Files\Scene</Filter>
    </ClCompile>
    <ClCompile Include="..\src\Peio\Voxel Editor\Scene\RayField.cpp">
      <Filter>Source Files\Scene</Filter>
    </ClCompile>
    <ClCompile Include="..\src\Peio\Voxel Editor\State.cpp">
      <Filter>Source Files</Filter>
    </ClCompile>
    <ClCompile Include="..\src\Peio\Voxel Editor\Input\Input.cpp">
      <Filter>Source Files\Input</Filter>
    </ClCompile>
    <ClCompile Include="..\src\Peio\Voxel Editor\Input\Keybind.cpp">
      <Filter>Source Files\Input\Keybinds</Filter>
    </ClCompile>
    <ClCompile Include="..\src\Peio\Voxel Editor\Input\Keybinds.cpp">
      <Filter>Source Files\Input\Keybinds</Filter>
    </ClCompile>
    <ClCompile Include="..\src\Peio\Voxel Editor\Input\CameraKeybinds.cpp">
      <Filter>Source Files\Input\Keybinds</Filter>
    </ClCompile>
    <ClCompile Include="..\src\Peio\Voxel Editor\Input\CameraInput.cpp">
      <Filter>Source Files\Input</Filter>
    </ClCompile>
    <ClCompile Include="..\src\Peio\Voxel Editor\Input\BuildKeybinds.cpp">
      <Filter>Source Files\Input\Keybinds</Filter>
    </ClCompile>
    <ClCompile Include="..\src\Peio\Voxel Editor\Input\BuildInput.cpp">
      <Filter>Source Files\Input</Filter>
    </ClCompile>
    <ClCompile Include="..\src\Peio\Voxel Editor\Input\StateKeybinds.cpp">
      <Filter>Source Files\Input\Keybinds</Filter>
    </ClCompile>
    <ClCompile Include="..\src\Peio\Voxel Editor\Input\StateInput.cpp">
      <Filter>Source Files\Input</Filter>
    </ClCompile>
    <ClCompile Include="..\src\Peio\Voxel Editor\Graphics\GUI\GUI.cpp">
      <Filter>Source Files\Graphics\GUI</Filter>
    </ClCompile>
    <ClCompile Include="..\src\Peio\Voxel Editor\Graphics\GUI\Framerate.cpp">
      <Filter>Source Files\Graphics\GUI</Filter>
    </ClCompile>
    <ClCompile Include="..\src\Peio\Voxel Editor\Graphics\GUI\Fonts.cpp">
      <Filter>Source Files\Graphics\GUI</Filter>
    </ClCompile>
    <ClCompile Include="..\src\Peio\Voxel Editor\Graphics\GUI\RayCount.cpp">
      <Filter>Source Files\Graphics\GUI</Filter>
    </ClCompile>
    <ClCompile Include="..\src\Peio\Voxel Editor\Graphics\GUI\DenoiseRadius.cpp">
      <Filter>Source Files\Graphics\GUI</Filter>
    </ClCompile>
    <ClCompile Include="..\src\Peio\Voxel Editor\Graphics\GUI\Speed.cpp">
      <Filter>Source Files\Graphics\GUI</Filter>
    </ClCompile>
    <ClCompile Include="..\src\Peio\Voxel Editor\Graphics\GUI\Material.cpp">
      <Filter>Source Files\Graphics\GUI</Filter>
    </ClCompile>
    <ClCompile Include="..\src\Peio\Voxel Editor\Graphics\GUI\Place.cpp">
      <Filter>Source Files\Graphics\GUI</Filter>
    </ClCompile>
    <ClCompile Include="..\src\Peio\Voxel Editor\Graphics\GUI\Destroy.cpp">
      <Filter>Source Files\Graphics\GUI</Filter>
    </ClCompile>
    <ClCompile Include="..\src\Peio\Voxel Editor\Input\FileInput.cpp">
      <Filter>Source Files\Input</Filter>
    </ClCompile>
    <ClCompile Include="..\src\Peio\Voxel Editor\Graphics\GUI\Fill.cpp">
      <Filter>Source Files\Graphics\GUI</Filter>
    </ClCompile>
  </ItemGroup>
  <ItemGroup>
    <ClInclude Include="..\src\Peio\Voxel Editor\App.h">
      <Filter>Source Files</Filter>
    </ClInclude>
    <ClInclude Include="..\src\Peio\Voxel Editor\Graphics\Graphics.h">
      <Filter>Source Files\Graphics</Filter>
    </ClInclude>
    <ClInclude Include="..\src\Peio\Voxel Editor\Graphics\Window.h">
      <Filter>Source Files\Graphics</Filter>
    </ClInclude>
    <ClInclude Include="..\src\Peio\Voxel Editor\Graphics\RayTracer.h">
      <Filter>Source Files\Graphics</Filter>
    </ClInclude>
    <ClInclude Include="..\src\Peio\Voxel Editor\Graphics\Denoiser.h">
      <Filter>Source Files\Graphics</Filter>
    </ClInclude>
    <ClInclude Include="..\src\Peio\Voxel Editor\Scene\Scene.h">
      <Filter>Source Files\Scene</Filter>
    </ClInclude>
    <ClInclude Include="..\src\Peio\Voxel Editor\Scene\Info.h">
      <Filter>Source Files\Scene</Filter>
    </ClInclude>
    <ClInclude Include="..\src\Peio\Voxel Editor\Scene\World.h">
      <Filter>Source Files\Scene</Filter>
    </ClInclude>
    <ClInclude Include="..\src\Peio\Voxel Editor\Scene\Camera.h">
      <Filter>Source Files\Scene</Filter>
    </ClInclude>
    <ClInclude Include="..\src\Peio\Voxel Editor\Scene\RayField.h">
      <Filter>Source Files\Scene</Filter>
    </ClInclude>
    <ClInclude Include="..\src\Peio\Voxel Editor\State.h">
      <Filter>Source Files</Filter>
    </ClInclude>
    <ClInclude Include="..\src\Peio\Voxel Editor\Input\Input.h">
      <Filter>Source Files\Input</Filter>
    </ClInclude>
    <ClInclude Include="..\src\Peio\Voxel Editor\Input\Keybind.h">
      <Filter>Source Files\Input\Keybinds</Filter>
    </ClInclude>
    <ClInclude Include="..\src\Peio\Voxel Editor\Input\Keybinds.h">
      <Filter>Source Files\Input\Keybinds</Filter>
    </ClInclude>
    <ClInclude Include="..\src\Peio\Voxel Editor\Input\CameraKeybinds.h">
      <Filter>Source Files\Input\Keybinds</Filter>
    </ClInclude>
    <ClInclude Include="..\src\Peio\Voxel Editor\Input\CameraInput.h">
      <Filter>Source Files\Input</Filter>
    </ClInclude>
    <ClInclude Include="..\src\Peio\Voxel Editor\Input\BuildKeybinds.h">
      <Filter>Source Files\Input\Keybinds</Filter>
    </ClInclude>
    <ClInclude Include="..\src\Peio\Voxel Editor\Input\BuildInput.h">
      <Filter>Source Files\Input</Filter>
    </ClInclude>
    <ClInclude Include="..\src\Peio\Voxel Editor\Input\StateKeybinds.h">
      <Filter>Source Files\Input\Keybinds</Filter>
    </ClInclude>
    <ClInclude Include="..\src\Peio\Voxel Editor\Input\StateInput.h">
      <Filter>Source Files\Input</Filter>
    </ClInclude>
    <ClInclude Include="..\src\Peio\Voxel Editor\Graphics\GUI\GUI.h">
      <Filter>Source Files\Graphics\GUI</Filter>
    </ClInclude>
    <ClInclude Include="..\src\Peio\Voxel Editor\Graphics\GUI\Framerate.h">
      <Filter>Source Files\Graphics\GUI</Filter>
    </ClInclude>
    <ClInclude Include="..\src\Peio\Voxel Editor\Graphics\GUI\Fonts.h">
      <Filter>Source Files\Graphics\GUI</Filter>
    </ClInclude>
    <ClInclude Include="..\src\Peio\Voxel Editor\Graphics\GUI\RayCount.h">
      <Filter>Source Files\Graphics\GUI</Filter>
    </ClInclude>
    <ClInclude Include="..\src\Peio\Voxel Editor\Graphics\GUI\DenoiseRadius.h">
      <Filter>Source Files\Graphics\GUI</Filter>
    </ClInclude>
    <ClInclude Include="..\src\Peio\Voxel Editor\Graphics\GUI\Speed.h">
      <Filter>Source Files\Graphics\GUI</Filter>
    </ClInclude>
    <ClInclude Include="..\src\Peio\Voxel Editor\Graphics\GUI\Material.h">
      <Filter>Source Files\Graphics\GUI</Filter>
    </ClInclude>
    <ClInclude Include="..\src\Peio\Voxel Editor\Graphics\GUI\Place.h">
      <Filter>Source Files\Graphics\GUI</Filter>
    </ClInclude>
    <ClInclude Include="..\src\Peio\Voxel Editor\Graphics\GUI\Destroy.h">
      <Filter>Source Files\Graphics\GUI</Filter>
    </ClInclude>
    <ClInclude Include="..\src\Peio\Voxel Editor\Input\FileInput.h">
      <Filter>Source Files\Input</Filter>
    </ClInclude>
    <ClInclude Include="..\src\Peio\Voxel Editor\Graphics\GUI\Fill.h">
      <Filter>Source Files\Graphics\GUI</Filter>
    </ClInclude>
  </ItemGroup>
  <ItemGroup>
    <FxCompile Include="..\src\Peio\Voxel Editor\Graphics\Shaders\DenoisePS.hlsl">
      <Filter>Source Files\Graphics\Shaders</Filter>
    </FxCompile>
    <FxCompile Include="..\src\Peio\Voxel Editor\Graphics\Shaders\DenoiseVS.hlsl">
      <Filter>Source Files\Graphics\Shaders</Filter>
    </FxCompile>
    <FxCompile Include="..\src\Peio\Voxel Editor\Graphics\Shaders\RayPS.hlsl">
      <Filter>Source Files\Graphics\Shaders</Filter>
    </FxCompile>
    <FxCompile Include="..\src\Peio\Voxel Editor\Graphics\Shaders\RayPS_input.hlsl">
      <Filter>Source Files\Graphics\Shaders</Filter>
    </FxCompile>
    <FxCompile Include="..\src\Peio\Voxel Editor\Graphics\Shaders\RayPS_lighttrace.hlsl">
      <Filter>Source Files\Graphics\Shaders</Filter>
    </FxCompile>
    <FxCompile Include="..\src\Peio\Voxel Editor\Graphics\Shaders\RayPS_sky.hlsl">
      <Filter>Source Files\Graphics\Shaders</Filter>
    </FxCompile>
    <FxCompile Include="..\src\Peio\Voxel Editor\Graphics\Shaders\RayPS_voxeltrace.hlsl">
      <Filter>Source Files\Graphics\Shaders</Filter>
    </FxCompile>
    <FxCompile Include="..\src\Peio\Voxel Editor\Graphics\Shaders\RayVS.hlsl">
      <Filter>Source Files\Graphics\Shaders</Filter>
    </FxCompile>
  </ItemGroup>
</Project>