<?xml version="1.0" encoding="utf-8"?>
<Project ToolsVersion="4.0" xmlns="http://schemas.microsoft.com/developer/msbuild/2003">
  <ItemGroup>
    <Filter Include="Source Files">
      <UniqueIdentifier>{4FC737F1-C7A5-4376-A066-2A32D752A2FF}</UniqueIdentifier>
      <Extensions>cpp;c;cc;cxx;c++;cppm;ixx;def;odl;idl;hpj;bat;asm;asmx</Extensions>
    </Filter>
    <Filter Include="Source Files\Utils">
      <UniqueIdentifier>{f3a3fd6b-e380-40ea-b218-93d64aea6b2c}</UniqueIdentifier>
    </Filter>
    <Filter Include="Source Files\Utils\Commands">
      <UniqueIdentifier>{2eec1986-6317-41e7-a90f-ec322fa31043}</UniqueIdentifier>
    </Filter>
    <Filter Include="Source Files\Graphics">
      <UniqueIdentifier>{48321d63-524b-4f93-8ad1-f0503ac7382e}</UniqueIdentifier>
    </Filter>
    <Filter Include="Source Files\Utils\Renderer">
      <UniqueIdentifier>{4601d762-5cda-4c7e-9ecf-fa9fc43ba754}</UniqueIdentifier>
    </Filter>
    <Filter Include="Source Files\Utils\Heaps">
      <UniqueIdentifier>{9e84c61c-5634-417d-adc1-c1c694d9724d}</UniqueIdentifier>
    </Filter>
  </ItemGroup>
  <ItemGroup>
    <ClInclude Include="..\src\Peio\Graphics\GraphicsHeader.h">
      <Filter>Source Files</Filter>
    </ClInclude>
    <ClInclude Include="..\src\Peio\Graphics\d3dx12.h">
      <Filter>Source Files</Filter>
    </ClInclude>
    <ClInclude Include="..\src\Peio\Graphics\Global.h">
      <Filter>Source Files\Utils</Filter>
    </ClInclude>
    <ClInclude Include="..\src\Peio\Graphics\CommandList.h">
      <Filter>Source Files\Utils\Commands</Filter>
    </ClInclude>
    <ClInclude Include="..\src\Peio\Graphics\CommandAllocator.h">
      <Filter>Source Files\Utils\Commands</Filter>
    </ClInclude>
    <ClInclude Include="..\src\Peio\Graphics\CommandQueue.h">
      <Filter>Source Files\Utils\Commands</Filter>
    </ClInclude>
    <ClInclude Include="..\src\Peio\Graphics\Graphics.h">
      <Filter>Source Files\Graphics</Filter>
    </ClInclude>
    <ClInclude Include="..\src\Peio\Graphics\WinGraphics.h">
      <Filter>Source Files\Graphics</Filter>
    </ClInclude>
    <ClInclude Include="..\src\Peio\Graphics\SwapChain.h">
      <Filter>Source Files\Utils</Filter>
    </ClInclude>
    <ClInclude Include="..\src\Peio\Graphics\D3DBPP.h">
      <Filter>Source Files\Utils</Filter>
    </ClInclude>
    <ClInclude Include="..\src\Peio\Graphics\Exception.h">
      <Filter>Source Files\Utils</Filter>
    </ClInclude>
    <ClInclude Include="..\src\Peio\Graphics\MediaGraphics.h">
      <Filter>Source Files\Graphics</Filter>
    </ClInclude>
    <ClInclude Include="..\src\Peio\Graphics\Resource.h">
      <Filter>Source Files\Utils\Heaps</Filter>
    </ClInclude>
    <ClInclude Include="..\src\Peio\Graphics\UploadResource.h">
      <Filter>Source Files\Utils\Heaps</Filter>
    </ClInclude>
    <ClInclude Include="..\src\Peio\Graphics\Descriptor.h">
      <Filter>Source Files\Utils\Heaps</Filter>
    </ClInclude>
    <ClInclude Include="..\src\Peio\Graphics\DescriptorHeap.h">
      <Filter>Source Files\Utils\Heaps</Filter>
    </ClInclude>
    <ClInclude Include="..\src\Peio\Graphics\InputParameter.h">
      <Filter>Source Files\Utils\Renderer</Filter>
    </ClInclude>
    <ClInclude Include="..\src\Peio\Graphics\Renderer.h">
      <Filter>Source Files\Utils\Renderer</Filter>
    </ClInclude>
    <ClInclude Include="..\src\Peio\Graphics\VertexLayout.h">
      <Filter>Source Files\Utils\Renderer</Filter>
    </ClInclude>
    <ClInclude Include="..\src\Peio\Graphics\StaticSampler.h">
      <Filter>Source Files\Utils\Renderer</Filter>
    </ClInclude>
    <ClInclude Include="..\src\Peio\Graphics\Shader.h">
      <Filter>Source Files\Utils\Renderer</Filter>
    </ClInclude>
    <ClInclude Include="..\src\Peio\Graphics\VertexBuffer.h">
      <Filter>Source Files\Utils\Heaps</Filter>
    </ClInclude>
  </ItemGroup>
  <ItemGroup>
    <ClCompile Include="..\src\Peio\Graphics\Global.cpp">
      <Filter>Source Files\Utils</Filter>
    </ClCompile>
    <ClCompile Include="..\src\Peio\Graphics\CommandList.cpp">
      <Filter>Source Files\Utils\Commands</Filter>
    </ClCompile>
    <ClCompile Include="..\src\Peio\Graphics\CommandAllocator.cpp">
      <Filter>Source Files\Utils\Commands</Filter>
    </ClCompile>
    <ClCompile Include="..\src\Peio\Graphics\CommandQueue.cpp">
      <Filter>Source Files\Utils\Commands</Filter>
    </ClCompile>
    <ClCompile Include="..\src\Peio\Graphics\Graphics.cpp">
      <Filter>Source Files\Graphics</Filter>
    </ClCompile>
    <ClCompile Include="..\src\Peio\Graphics\WinGraphics.cpp">
      <Filter>Source Files\Graphics</Filter>
    </ClCompile>
    <ClCompile Include="..\src\Peio\Graphics\SwapChain.cpp">
      <Filter>Source Files\Utils</Filter>
    </ClCompile>
    <ClCompile Include="..\src\Peio\Graphics\MediaGraphics.cpp">
      <Filter>Source Files\Graphics</Filter>
    </ClCompile>
    <ClCompile Include="..\src\Peio\Graphics\Resource.cpp">
      <Filter>Source Files\Utils\Heaps</Filter>
    </ClCompile>
    <ClCompile Include="..\src\Peio\Graphics\UploadResource.cpp">
      <Filter>Source Files\Utils\Heaps</Filter>
    </ClCompile>
    <ClCompile Include="..\src\Peio\Graphics\Descriptor.cpp">
      <Filter>Source Files\Utils\Heaps</Filter>
    </ClCompile>
    <ClCompile Include="..\src\Peio\Graphics\DescriptorHeap.cpp">
      <Filter>Source Files\Utils\Heaps</Filter>
    </ClCompile>
    <ClCompile Include="..\src\Peio\Graphics\InputParameter.cpp">
      <Filter>Source Files\Utils\Renderer</Filter>
    </ClCompile>
    <ClCompile Include="..\src\Peio\Graphics\Renderer.cpp">
      <Filter>Source Files\Utils\Renderer</Filter>
    </ClCompile>
    <ClCompile Include="..\src\Peio\Graphics\VertexLayout.cpp">
      <Filter>Source Files\Utils\Renderer</Filter>
    </ClCompile>
    <ClCompile Include="..\src\Peio\Graphics\StaticSampler.cpp">
      <Filter>Source Files\Utils\Renderer</Filter>
    </ClCompile>
    <ClCompile Include="..\src\Peio\Graphics\Shader.cpp">
      <Filter>Source Files\Utils\Renderer</Filter>
    </ClCompile>
    <ClCompile Include="..\src\Peio\Graphics\VertexBuffer.cpp">
      <Filter>Source Files\Utils\Heaps</Filter>
    </ClCompile>
  </ItemGroup>
</Project>