<?xml version="1.0" encoding="utf-8"?>
<Project ToolsVersion="4.0" xmlns="http://schemas.microsoft.com/developer/msbuild/2003">
  <ItemGroup>
    <Filter Include="Source Files">
      <UniqueIdentifier>{4FC737F1-C7A5-4376-A066-2A32D752A2FF}</UniqueIdentifier>
      <Extensions>cpp;c;cc;cxx;c++;cppm;ixx;def;odl;idl;hpj;bat;asm;asmx</Extensions>
    </Filter>
    <Filter Include="Source Files\Sockets">
      <UniqueIdentifier>{5372d9b9-741e-45a1-984b-d34122f773ba}</UniqueIdentifier>
    </Filter>
    <Filter Include="Source Files\Servers">
      <UniqueIdentifier>{ad02837d-08d5-4c6e-9dff-995f46eb738c}</UniqueIdentifier>
    </Filter>
  </ItemGroup>
  <ItemGroup>
    <ClInclude Include="..\src\Peio\Networking\NetworkingHeader.h">
      <Filter>Source Files</Filter>
    </ClInclude>
    <ClInclude Include="..\src\Peio\Networking\Init.h">
      <Filter>Source Files</Filter>
    </ClInclude>
    <ClInclude Include="..\src\Peio\Networking\Exception.h">
      <Filter>Source Files</Filter>
    </ClInclude>
    <ClInclude Include="..\src\Peio\Networking\Socket.h">
      <Filter>Source Files</Filter>
    </ClInclude>
    <ClInclude Include="..\src\Peio\Networking\Hint.h">
      <Filter>Source Files</Filter>
    </ClInclude>
    <ClInclude Include="..\src\Peio\Networking\IOSocket.h">
      <Filter>Source Files\Sockets</Filter>
    </ClInclude>
    <ClInclude Include="..\src\Peio\Networking\EventSocket.h">
      <Filter>Source Files\Sockets</Filter>
    </ClInclude>
    <ClInclude Include="..\src\Peio\Networking\AcceptSocket.h">
      <Filter>Source Files\Sockets</Filter>
    </ClInclude>
    <ClInclude Include="..\src\Peio\Networking\BindSocket.h">
      <Filter>Source Files\Sockets</Filter>
    </ClInclude>
    <ClInclude Include="..\src\Peio\Networking\CloseSocket.h">
      <Filter>Source Files\Sockets</Filter>
    </ClInclude>
    <ClInclude Include="..\src\Peio\Networking\ConnectSocket.h">
      <Filter>Source Files\Sockets</Filter>
    </ClInclude>
    <ClInclude Include="..\src\Peio\Networking\ListenSocket.h">
      <Filter>Source Files\Sockets</Filter>
    </ClInclude>
    <ClInclude Include="..\src\Peio\Networking\Sockets.h">
      <Filter>Source Files\Sockets</Filter>
    </ClInclude>
    <ClInclude Include="..\src\Peio\Networking\Server.h">
      <Filter>Source Files\Servers</Filter>
    </ClInclude>
  </ItemGroup>
  <ItemGroup>
    <ClCompile Include="..\src\Peio\Networking\Init.cpp">
      <Filter>Source Files</Filter>
    </ClCompile>
    <ClCompile Include="..\src\Peio\Networking\Hint.cpp">
      <Filter>Source Files</Filter>
    </ClCompile>
    <ClCompile Include="..\src\Peio\Networking\Sockets.cpp">
      <Filter>Source Files\Sockets</Filter>
    </ClCompile>
    <ClCompile Include="..\src\Peio\Networking\Server.cpp">
      <Filter>Source Files\Servers</Filter>
    </ClCompile>
  </ItemGroup>
</Project>