<?xml version="1.0" encoding="utf-8"?>
<Project ToolsVersion="4.0" xmlns="http://schemas.microsoft.com/developer/msbuild/2003">
  <ItemGroup>
    <Filter Include="Source Files">
      <UniqueIdentifier>{4FC737F1-C7A5-4376-A066-2A32D752A2FF}</UniqueIdentifier>
      <Extensions>cpp;c;cc;cxx;c++;cppm;ixx;def;odl;idl;hpj;bat;asm;asmx</Extensions>
    </Filter>
    <Filter Include="Source Files\Scene">
      <UniqueIdentifier>{f4d2e03c-4bd4-43b3-b39e-a36e7de81dc6}</UniqueIdentifier>
    </Filter>
    <Filter Include="Source Files\Utilities">
      <UniqueIdentifier>{0b3b2597-6bb4-4bcd-b499-464381327ef4}</UniqueIdentifier>
    </Filter>
    <Filter Include="Source Files\Renderer">
      <UniqueIdentifier>{aeecc2e2-2ab5-4b0a-a641-30bc68c8cdab}</UniqueIdentifier>
    </Filter>
    <Filter Include="Source Files\Renderer\Shaders">
      <UniqueIdentifier>{c1a6886b-dc91-4149-9b7b-b683e6e9635c}</UniqueIdentifier>
    </Filter>
    <Filter Include="Source Files\Video">
      <UniqueIdentifier>{b7321dcd-dfe1-49d1-9f4c-94a7f8157b3b}</UniqueIdentifier>
    </Filter>
    <Filter Include="Source Files\Windows">
      <UniqueIdentifier>{6971ebf1-5a08-431a-ae37-30f5271baf85}</UniqueIdentifier>
    </Filter>
    <Filter Include="Source Files\Configurator">
      <UniqueIdentifier>{d67c7723-3f0e-43ab-9c0c-243dc9b12e73}</UniqueIdentifier>
    </Filter>
  </ItemGroup>
  <ItemGroup>
    <ClCompile Include="..\src\Peio\Dimension Viewer\main.cpp">
      <Filter>Source Files</Filter>
    </ClCompile>
    <ClCompile Include="..\src\Peio\Dimension Viewer\App.cpp">
      <Filter>Source Files</Filter>
    </ClCompile>
    <ClCompile Include="..\src\Peio\Dimension Viewer\Scene\Scene.cpp">
      <Filter>Source Files\Scene</Filter>
    </ClCompile>
    <ClCompile Include="..\src\Peio\Dimension Viewer\Scene\Objects.cpp">
      <Filter>Source Files\Scene</Filter>
    </ClCompile>
    <ClCompile Include="..\src\Peio\Dimension Viewer\Scene\Camera.cpp">
      <Filter>Source Files\Scene</Filter>
    </ClCompile>
    <ClCompile Include="..\src\Peio\Dimension Viewer\Renderer\FullscreenRenderer.cpp">
      <Filter>Source Files\Renderer</Filter>
    </ClCompile>
    <ClCompile Include="..\src\Peio\Dimension Viewer\Renderer\RayRenderer.cpp">
      <Filter>Source Files\Renderer</Filter>
    </ClCompile>
    <ClCompile Include="..\src\Peio\Dimension Viewer\Scene\Rays.cpp">
      <Filter>Source Files\Scene</Filter>
    </ClCompile>
    <ClCompile Include="..\src\Peio\Dimension Viewer\Renderer\Denoiser.cpp">
      <Filter>Source Files\Renderer</Filter>
    </ClCompile>
    <ClCompile Include="..\src\Peio\Dimension Viewer\Windows\Camera.cpp">
      <Filter>Source Files\Windows</Filter>
    </ClCompile>
    <ClCompile Include="..\src\Peio\Dimension Viewer\Windows\Input.cpp">
      <Filter>Source Files\Windows</Filter>
    </ClCompile>
    <ClCompile Include="..\src\Peio\Dimension Viewer\Windows\State.cpp">
      <Filter>Source Files\Windows</Filter>
    </ClCompile>
    <ClCompile Include="..\src\Peio\Dimension Viewer\Windows\WinGraphics.cpp">
      <Filter>Source Files\Windows</Filter>
    </ClCompile>
    <ClCompile Include="..\src\Peio\Dimension Viewer\Video\VideoGraphics.cpp">
      <Filter>Source Files\Video</Filter>
    </ClCompile>
    <ClCompile Include="..\src\Peio\Dimension Viewer\Video\Path.cpp">
      <Filter>Source Files\Video</Filter>
    </ClCompile>
    <ClCompile Include="..\src\Peio\Dimension Viewer\Config\Config.cpp">
      <Filter>Source Files\Configurator</Filter>
    </ClCompile>
    <ClCompile Include="..\src\Peio\Dimension Viewer\Config\Scene.cpp">
      <Filter>Source Files\Configurator</Filter>
    </ClCompile>
    <ClCompile Include="..\src\Peio\Dimension Viewer\Config\Controls.cpp">
      <Filter>Source Files\Configurator</Filter>
    </ClCompile>
    <ClCompile Include="..\src\Peio\Dimension Viewer\Config\CameraPath.cpp">
      <Filter>Source Files\Configurator</Filter>
    </ClCompile>
    <ClCompile Include="..\src\Peio\Dimension Viewer\Config\Objects.cpp">
      <Filter>Source Files\Configurator</Filter>
    </ClCompile>
  </ItemGroup>
  <ItemGroup>
    <ClInclude Include="..\src\Peio\Dimension Viewer\App.h">
      <Filter>Source Files</Filter>
    </ClInclude>
    <ClInclude Include="..\src\Peio\Dimension Viewer\Scene\Scene.h">
      <Filter>Source Files\Scene</Filter>
    </ClInclude>
    <ClInclude Include="..\src\Peio\Dimension Viewer\Scene\Objects.h">
      <Filter>Source Files\Scene</Filter>
    </ClInclude>
    <ClInclude Include="..\src\Peio\Dimension Viewer\MathVector.h">
      <Filter>Source Files\Utilities</Filter>
    </ClInclude>
    <ClInclude Include="..\src\Peio\Dimension Viewer\Scene\Camera.h">
      <Filter>Source Files\Scene</Filter>
    </ClInclude>
    <ClInclude Include="..\src\Peio\Dimension Viewer\Renderer\FullscreenRenderer.h">
      <Filter>Source Files\Renderer</Filter>
    </ClInclude>
    <ClInclude Include="..\src\Peio\Dimension Viewer\Renderer\RayRenderer.h">
      <Filter>Source Files\Renderer</Filter>
    </ClInclude>
    <ClInclude Include="..\src\Peio\Dimension Viewer\Scene\Rays.h">
      <Filter>Source Files\Scene</Filter>
    </ClInclude>
    <ClInclude Include="..\src\Peio\Dimension Viewer\Renderer\Denoiser.h">
      <Filter>Source Files\Renderer</Filter>
    </ClInclude>
    <ClInclude Include="..\src\Peio\Dimension Viewer\Windows\Camera.h">
      <Filter>Source Files\Windows</Filter>
    </ClInclude>
    <ClInclude Include="..\src\Peio\Dimension Viewer\Windows\Input.h">
      <Filter>Source Files\Windows</Filter>
    </ClInclude>
    <ClInclude Include="..\src\Peio\Dimension Viewer\Windows\State.h">
      <Filter>Source Files\Windows</Filter>
    </ClInclude>
    <ClInclude Include="..\src\Peio\Dimension Viewer\Windows\WinGraphics.h">
      <Filter>Source Files\Windows</Filter>
    </ClInclude>
    <ClInclude Include="..\src\Peio\Dimension Viewer\Video\VideoGraphics.h">
      <Filter>Source Files\Video</Filter>
    </ClInclude>
    <ClInclude Include="..\src\Peio\Dimension Viewer\Video\Path.h">
      <Filter>Source Files\Video</Filter>
    </ClInclude>
    <ClInclude Include="..\src\Peio\Dimension Viewer\Config\Config.h">
      <Filter>Source Files\Configurator</Filter>
    </ClInclude>
    <ClInclude Include="..\src\Peio\Dimension Viewer\Config\Scene.h">
      <Filter>Source Files\Configurator</Filter>
    </ClInclude>
    <ClInclude Include="..\src\Peio\Dimension Viewer\Config\Controls.h">
      <Filter>Source Files\Configurator</Filter>
    </ClInclude>
    <ClInclude Include="..\src\Peio\Dimension Viewer\Config\CameraPath.h">
      <Filter>Source Files\Configurator</Filter>
    </ClInclude>
    <ClInclude Include="..\src\Peio\Dimension Viewer\Config\Objects.h">
      <Filter>Source Files\Configurator</Filter>
    </ClInclude>
  </ItemGroup>
  <ItemGroup>
    <FxCompile Include="Shaders\DenoisePS.hlsl">
      <Filter>Source Files\Renderer\Shaders</Filter>
    </FxCompile>
    <FxCompile Include="Shaders\DenoiseVS.hlsl">
      <Filter>Source Files\Renderer\Shaders</Filter>
    </FxCompile>
    <FxCompile Include="Shaders\RayPS.hlsl">
      <Filter>Source Files\Renderer\Shaders</Filter>
    </FxCompile>
    <FxCompile Include="Shaders\RayVS.hlsl">
      <Filter>Source Files\Renderer\Shaders</Filter>
    </FxCompile>
  </ItemGroup>
  <ItemGroup>
    <None Include="Shaders\Ray_header.hlsli">
      <Filter>Source Files\Renderer\Shaders</Filter>
    </None>
    <None Include="Shaders\Ray_light.hlsli">
      <Filter>Source Files\Renderer\Shaders</Filter>
    </None>
    <None Include="Shaders\Ray_math.hlsli">
      <Filter>Source Files\Renderer\Shaders</Filter>
    </None>
    <None Include="Shaders\Ray_rect.hlsli">
      <Filter>Source Files\Renderer\Shaders</Filter>
    </None>
    <None Include="Shaders\Ray_scene.hlsli">
      <Filter>Source Files\Renderer\Shaders</Filter>
    </None>
    <None Include="Shaders\Ray_sky.hlsli">
      <Filter>Source Files\Renderer\Shaders</Filter>
    </None>
    <None Include="Shaders\Ray_sphere.hlsli">
      <Filter>Source Files\Renderer\Shaders</Filter>
    </None>
    <None Include="Shaders\Ray_trace.hlsli">
      <Filter>Source Files\Renderer\Shaders</Filter>
    </None>
  </ItemGroup>
</Project>